// !$*UTF8*$!
{
	archiveVersion = 1;
	classes = {
	};
	objectVersion = 77;
	objects = {

/* Begin PBXContainerItemProxy section */
		33D5C32C2CF38D8B007BF189 /* PBXContainerItemProxy */ = {
			isa = PBXContainerItemProxy;
			containerPortal = 33D5C3132CF38D8A007BF189 /* Project object */;
			proxyType = 1;
			remoteGlobalIDString = 33D5C31A2CF38D8A007BF189;
			remoteInfo = openPing;
		};
		33D5C3362CF38D8B007BF189 /* PBXContainerItemProxy */ = {
			isa = PBXContainerItemProxy;
			containerPortal = 33D5C3132CF38D8A007BF189 /* Project object */;
			proxyType = 1;
			remoteGlobalIDString = 33D5C31A2CF38D8A007BF189;
			remoteInfo = openPing;
		};
/* End PBXContainerItemProxy section */

/* Begin PBXFileReference section */
		33D5C31B2CF38D8A007BF189 /* openPing.app */ = {isa = PBXFileReference; explicitFileType = wrapper.application; includeInIndex = 0; path = openPing.app; sourceTree = BUILT_PRODUCTS_DIR; };
		33D5C32B2CF38D8B007BF189 /* openPingTests.xctest */ = {isa = PBXFileReference; explicitFileType = wrapper.cfbundle; includeInIndex = 0; path = openPingTests.xctest; sourceTree = BUILT_PRODUCTS_DIR; };
		33D5C3352CF38D8B007BF189 /* openPingUITests.xctest */ = {isa = PBXFileReference; explicitFileType = wrapper.cfbundle; includeInIndex = 0; path = openPingUITests.xctest; sourceTree = BUILT_PRODUCTS_DIR; };
/* End PBXFileReference section */

/* Begin PBXFileSystemSynchronizedBuildFileExceptionSet section */
		33ED1E962CF7CC7700B70F45 /* Exceptions for "openPing" folder in "openPing" target */ = {
			isa = PBXFileSystemSynchronizedBuildFileExceptionSet;
			membershipExceptions = (
				Info.plist,
			);
			target = 33D5C31A2CF38D8A007BF189 /* openPing */;
		};
/* End PBXFileSystemSynchronizedBuildFileExceptionSet section */

/* Begin PBXFileSystemSynchronizedRootGroup section */
		33D5C31D2CF38D8A007BF189 /* openPing */ = {
			isa = PBXFileSystemSynchronizedRootGroup;
			exceptions = (
				33ED1E962CF7CC7700B70F45 /* Exceptions for "openPing" folder in "openPing" target */,
			);
			path = openPing;
			sourceTree = "<group>";
		};
		33D5C32E2CF38D8B007BF189 /* openPingTests */ = {
			isa = PBXFileSystemSynchronizedRootGroup;
			path = openPingTests;
			sourceTree = "<group>";
		};
		33D5C3382CF38D8B007BF189 /* openPingUITests */ = {
			isa = PBXFileSystemSynchronizedRootGroup;
			path = openPingUITests;
			sourceTree = "<group>";
		};
/* End PBXFileSystemSynchronizedRootGroup section */

/* Begin PBXFrameworksBuildPhase section */
		33D5C3182CF38D8A007BF189 /* Frameworks */ = {
			isa = PBXFrameworksBuildPhase;
			buildActionMask = 2147483647;
			files = (
			);
			runOnlyForDeploymentPostprocessing = 0;
		};
		33D5C3282CF38D8B007BF189 /* Frameworks */ = {
			isa = PBXFrameworksBuildPhase;
			buildActionMask = 2147483647;
			files = (
			);
			runOnlyForDeploymentPostprocessing = 0;
		};
		33D5C3322CF38D8B007BF189 /* Frameworks */ = {
			isa = PBXFrameworksBuildPhase;
			buildActionMask = 2147483647;
			files = (
			);
			runOnlyForDeploymentPostprocessing = 0;
		};
/* End PBXFrameworksBuildPhase section */

/* Begin PBXGroup section */
		33D5C3122CF38D8A007BF189 = {
			isa = PBXGroup;
			children = (
				33D5C31D2CF38D8A007BF189 /* openPing */,
				33D5C32E2CF38D8B007BF189 /* openPingTests */,
				33D5C3382CF38D8B007BF189 /* openPingUITests */,
				33D5C31C2CF38D8A007BF189 /* Products */,
			);
			sourceTree = "<group>";
		};
		33D5C31C2CF38D8A007BF189 /* Products */ = {
			isa = PBXGroup;
			children = (
				33D5C31B2CF38D8A007BF189 /* openPing.app */,
				33D5C32B2CF38D8B007BF189 /* openPingTests.xctest */,
				33D5C3352CF38D8B007BF189 /* openPingUITests.xctest */,
			);
			name = Products;
			sourceTree = "<group>";
		};
/* End PBXGroup section */

/* Begin PBXNativeTarget section */
		33D5C31A2CF38D8A007BF189 /* openPing */ = {
			isa = PBXNativeTarget;
			buildConfigurationList = 33D5C33F2CF38D8B007BF189 /* Build configuration list for PBXNativeTarget "openPing" */;
			buildPhases = (
				33D5C3172CF38D8A007BF189 /* Sources */,
				33D5C3182CF38D8A007BF189 /* Frameworks */,
				33D5C3192CF38D8A007BF189 /* Resources */,
			);
			buildRules = (
			);
			dependencies = (
			);
			fileSystemSynchronizedGroups = (
				33D5C31D2CF38D8A007BF189 /* openPing */,
			);
			name = openPing;
			packageProductDependencies = (
			);
			productName = openPing;
			productReference = 33D5C31B2CF38D8A007BF189 /* openPing.app */;
			productType = "com.apple.product-type.application";
		};
		33D5C32A2CF38D8B007BF189 /* openPingTests */ = {
			isa = PBXNativeTarget;
			buildConfigurationList = 33D5C3422CF38D8B007BF189 /* Build configuration list for PBXNativeTarget "openPingTests" */;
			buildPhases = (
				33D5C3272CF38D8B007BF189 /* Sources */,
				33D5C3282CF38D8B007BF189 /* Frameworks */,
				33D5C3292CF38D8B007BF189 /* Resources */,
			);
			buildRules = (
			);
			dependencies = (
				33D5C32D2CF38D8B007BF189 /* PBXTargetDependency */,
			);
			fileSystemSynchronizedGroups = (
				33D5C32E2CF38D8B007BF189 /* openPingTests */,
			);
			name = openPingTests;
			packageProductDependencies = (
			);
			productName = openPingTests;
			productReference = 33D5C32B2CF38D8B007BF189 /* openPingTests.xctest */;
			productType = "com.apple.product-type.bundle.unit-test";
		};
		33D5C3342CF38D8B007BF189 /* openPingUITests */ = {
			isa = PBXNativeTarget;
			buildConfigurationList = 33D5C3452CF38D8B007BF189 /* Build configuration list for PBXNativeTarget "openPingUITests" */;
			buildPhases = (
				33D5C3312CF38D8B007BF189 /* Sources */,
				33D5C3322CF38D8B007BF189 /* Frameworks */,
				33D5C3332CF38D8B007BF189 /* Resources */,
			);
			buildRules = (
			);
			dependencies = (
				33D5C3372CF38D8B007BF189 /* PBXTargetDependency */,
			);
			fileSystemSynchronizedGroups = (
				33D5C3382CF38D8B007BF189 /* openPingUITests */,
			);
			name = openPingUITests;
			packageProductDependencies = (
			);
			productName = openPingUITests;
			productReference = 33D5C3352CF38D8B007BF189 /* openPingUITests.xctest */;
			productType = "com.apple.product-type.bundle.ui-testing";
		};
/* End PBXNativeTarget section */

/* Begin PBXProject section */
		33D5C3132CF38D8A007BF189 /* Project object */ = {
			isa = PBXProject;
			attributes = {
				BuildIndependentTargetsInParallel = 1;
				LastSwiftUpdateCheck = 1610;
				LastUpgradeCheck = 1610;
				TargetAttributes = {
					33D5C31A2CF38D8A007BF189 = {
						CreatedOnToolsVersion = 16.1;
					};
					33D5C32A2CF38D8B007BF189 = {
						CreatedOnToolsVersion = 16.1;
						LastSwiftMigration = 1610;
						TestTargetID = 33D5C31A2CF38D8A007BF189;
					};
					33D5C3342CF38D8B007BF189 = {
						CreatedOnToolsVersion = 16.1;
						TestTargetID = 33D5C31A2CF38D8A007BF189;
					};
				};
			};
			buildConfigurationList = 33D5C3162CF38D8A007BF189 /* Build configuration list for PBXProject "openPing" */;
			developmentRegion = en;
			hasScannedForEncodings = 0;
			knownRegions = (
				en,
				Base,
			);
			mainGroup = 33D5C3122CF38D8A007BF189;
			minimizedProjectReferenceProxies = 1;
			preferredProjectObjectVersion = 77;
			productRefGroup = 33D5C31C2CF38D8A007BF189 /* Products */;
			projectDirPath = "";
			projectRoot = "";
			targets = (
				33D5C31A2CF38D8A007BF189 /* openPing */,
				33D5C32A2CF38D8B007BF189 /* openPingTests */,
				33D5C3342CF38D8B007BF189 /* openPingUITests */,
			);
		};
/* End PBXProject section */

/* Begin PBXResourcesBuildPhase section */
		33D5C3192CF38D8A007BF189 /* Resources */ = {
			isa = PBXResourcesBuildPhase;
			buildActionMask = 2147483647;
			files = (
			);
			runOnlyForDeploymentPostprocessing = 0;
		};
		33D5C3292CF38D8B007BF189 /* Resources */ = {
			isa = PBXResourcesBuildPhase;
			buildActionMask = 2147483647;
			files = (
			);
			runOnlyForDeploymentPostprocessing = 0;
		};
		33D5C3332CF38D8B007BF189 /* Resources */ = {
			isa = PBXResourcesBuildPhase;
			buildActionMask = 2147483647;
			files = (
			);
			runOnlyForDeploymentPostprocessing = 0;
		};
/* End PBXResourcesBuildPhase section */

/* Begin PBXSourcesBuildPhase section */
		33D5C3172CF38D8A007BF189 /* Sources */ = {
			isa = PBXSourcesBuildPhase;
			buildActionMask = 2147483647;
			files = (
			);
			runOnlyForDeploymentPostprocessing = 0;
		};
		33D5C3272CF38D8B007BF189 /* Sources */ = {
			isa = PBXSourcesBuildPhase;
			buildActionMask = 2147483647;
			files = (
			);
			runOnlyForDeploymentPostprocessing = 0;
		};
		33D5C3312CF38D8B007BF189 /* Sources */ = {
			isa = PBXSourcesBuildPhase;
			buildActionMask = 2147483647;
			files = (
			);
			runOnlyForDeploymentPostprocessing = 0;
		};
/* End PBXSourcesBuildPhase section */

/* Begin PBXTargetDependency section */
		33D5C32D2CF38D8B007BF189 /* PBXTargetDependency */ = {
			isa = PBXTargetDependency;
			target = 33D5C31A2CF38D8A007BF189 /* openPing */;
			targetProxy = 33D5C32C2CF38D8B007BF189 /* PBXContainerItemProxy */;
		};
		33D5C3372CF38D8B007BF189 /* PBXTargetDependency */ = {
			isa = PBXTargetDependency;
			target = 33D5C31A2CF38D8A007BF189 /* openPing */;
			targetProxy = 33D5C3362CF38D8B007BF189 /* PBXContainerItemProxy */;
		};
/* End PBXTargetDependency section */

/* Begin XCBuildConfiguration section */
		33D5C33D2CF38D8B007BF189 /* Debug */ = {
			isa = XCBuildConfiguration;
			buildSettings = {
				ALWAYS_SEARCH_USER_PATHS = NO;
				ASSETCATALOG_COMPILER_GENERATE_SWIFT_ASSET_SYMBOL_EXTENSIONS = YES;
				CLANG_ANALYZER_NONNULL = YES;
				CLANG_ANALYZER_NUMBER_OBJECT_CONVERSION = YES_AGGRESSIVE;
				CLANG_CXX_LANGUAGE_STANDARD = "gnu++20";
				CLANG_ENABLE_MODULES = YES;
				CLANG_ENABLE_OBJC_ARC = YES;
				CLANG_ENABLE_OBJC_WEAK = YES;
				CLANG_WARN_BLOCK_CAPTURE_AUTORELEASING = YES;
				CLANG_WARN_BOOL_CONVERSION = YES;
				CLANG_WARN_COMMA = YES;
				CLANG_WARN_CONSTANT_CONVERSION = YES;
				CLANG_WARN_DEPRECATED_OBJC_IMPLEMENTATIONS = YES;
				CLANG_WARN_DIRECT_OBJC_ISA_USAGE = YES_ERROR;
				CLANG_WARN_DOCUMENTATION_COMMENTS = YES;
				CLANG_WARN_EMPTY_BODY = YES;
				CLANG_WARN_ENUM_CONVERSION = YES;
				CLANG_WARN_INFINITE_RECURSION = YES;
				CLANG_WARN_INT_CONVERSION = YES;
				CLANG_WARN_NON_LITERAL_NULL_CONVERSION = YES;
				CLANG_WARN_OBJC_IMPLICIT_RETAIN_SELF = YES;
				CLANG_WARN_OBJC_LITERAL_CONVERSION = YES;
				CLANG_WARN_OBJC_ROOT_CLASS = YES_ERROR;
				CLANG_WARN_QUOTED_INCLUDE_IN_FRAMEWORK_HEADER = YES;
				CLANG_WARN_RANGE_LOOP_ANALYSIS = YES;
				CLANG_WARN_STRICT_PROTOTYPES = YES;
				CLANG_WARN_SUSPICIOUS_MOVE = YES;
				CLANG_WARN_UNGUARDED_AVAILABILITY = YES_AGGRESSIVE;
				CLANG_WARN_UNREACHABLE_CODE = YES;
				CLANG_WARN__DUPLICATE_METHOD_MATCH = YES;
				COPY_PHASE_STRIP = NO;
				DEBUG_INFORMATION_FORMAT = dwarf;
				ENABLE_STRICT_OBJC_MSGSEND = YES;
				ENABLE_TESTABILITY = YES;
				ENABLE_USER_SCRIPT_SANDBOXING = YES;
				GCC_C_LANGUAGE_STANDARD = gnu17;
				GCC_DYNAMIC_NO_PIC = NO;
				GCC_NO_COMMON_BLOCKS = YES;
				GCC_OPTIMIZATION_LEVEL = 0;
				GCC_PREPROCESSOR_DEFINITIONS = (
					"DEBUG=1",
					"$(inherited)",
				);
				GCC_WARN_64_TO_32_BIT_CONVERSION = YES;
				GCC_WARN_ABOUT_RETURN_TYPE = YES_ERROR;
				GCC_WARN_UNDECLARED_SELECTOR = YES;
				GCC_WARN_UNINITIALIZED_AUTOS = YES_AGGRESSIVE;
				GCC_WARN_UNUSED_FUNCTION = YES;
				GCC_WARN_UNUSED_VARIABLE = YES;
				IPHONEOS_DEPLOYMENT_TARGET = 18.1;
				LOCALIZATION_PREFERS_STRING_CATALOGS = YES;
				MTL_ENABLE_DEBUG_INFO = INCLUDE_SOURCE;
				MTL_FAST_MATH = YES;
				ONLY_ACTIVE_ARCH = YES;
				SDKROOT = iphoneos;
				SWIFT_ACTIVE_COMPILATION_CONDITIONS = "DEBUG $(inherited)";
				SWIFT_OPTIMIZATION_LEVEL = "-Onone";
			};
			name = Debug;
		};
		33D5C33E2CF38D8B007BF189 /* Release */ = {
			isa = XCBuildConfiguration;
			buildSettings = {
				ALWAYS_SEARCH_USER_PATHS = NO;
				ASSETCATALOG_COMPILER_GENERATE_SWIFT_ASSET_SYMBOL_EXTENSIONS = YES;
				CLANG_ANALYZER_NONNULL = YES;
				CLANG_ANALYZER_NUMBER_OBJECT_CONVERSION = YES_AGGRESSIVE;
				CLANG_CXX_LANGUAGE_STANDARD = "gnu++20";
				CLANG_ENABLE_MODULES = YES;
				CLANG_ENABLE_OBJC_ARC = YES;
				CLANG_ENABLE_OBJC_WEAK = YES;
				CLANG_WARN_BLOCK_CAPTURE_AUTORELEASING = YES;
				CLANG_WARN_BOOL_CONVERSION = YES;
				CLANG_WARN_COMMA = YES;
				CLANG_WARN_CONSTANT_CONVERSION = YES;
				CLANG_WARN_DEPRECATED_OBJC_IMPLEMENTATIONS = YES;
				CLANG_WARN_DIRECT_OBJC_ISA_USAGE = YES_ERROR;
				CLANG_WARN_DOCUMENTATION_COMMENTS = YES;
				CLANG_WARN_EMPTY_BODY = YES;
				CLANG_WARN_ENUM_CONVERSION = YES;
				CLANG_WARN_INFINITE_RECURSION = YES;
				CLANG_WARN_INT_CONVERSION = YES;
				CLANG_WARN_NON_LITERAL_NULL_CONVERSION = YES;
				CLANG_WARN_OBJC_IMPLICIT_RETAIN_SELF = YES;
				CLANG_WARN_OBJC_LITERAL_CONVERSION = YES;
				CLANG_WARN_OBJC_ROOT_CLASS = YES_ERROR;
				CLANG_WARN_QUOTED_INCLUDE_IN_FRAMEWORK_HEADER = YES;
				CLANG_WARN_RANGE_LOOP_ANALYSIS = YES;
				CLANG_WARN_STRICT_PROTOTYPES = YES;
				CLANG_WARN_SUSPICIOUS_MOVE = YES;
				CLANG_WARN_UNGUARDED_AVAILABILITY = YES_AGGRESSIVE;
				CLANG_WARN_UNREACHABLE_CODE = YES;
				CLANG_WARN__DUPLICATE_METHOD_MATCH = YES;
				COPY_PHASE_STRIP = NO;
				DEBUG_INFORMATION_FORMAT = "dwarf-with-dsym";
				ENABLE_NS_ASSERTIONS = NO;
				ENABLE_STRICT_OBJC_MSGSEND = YES;
				ENABLE_USER_SCRIPT_SANDBOXING = YES;
				GCC_C_LANGUAGE_STANDARD = gnu17;
				GCC_NO_COMMON_BLOCKS = YES;
				GCC_WARN_64_TO_32_BIT_CONVERSION = YES;
				GCC_WARN_ABOUT_RETURN_TYPE = YES_ERROR;
				GCC_WARN_UNDECLARED_SELECTOR = YES;
				GCC_WARN_UNINITIALIZED_AUTOS = YES_AGGRESSIVE;
				GCC_WARN_UNUSED_FUNCTION = YES;
				GCC_WARN_UNUSED_VARIABLE = YES;
				IPHONEOS_DEPLOYMENT_TARGET = 18.1;
				LOCALIZATION_PREFERS_STRING_CATALOGS = YES;
				MTL_ENABLE_DEBUG_INFO = NO;
				MTL_FAST_MATH = YES;
				SDKROOT = iphoneos;
				SWIFT_COMPILATION_MODE = wholemodule;
				VALIDATE_PRODUCT = YES;
			};
			name = Release;
		};
		33D5C3402CF38D8B007BF189 /* Debug */ = {
			isa = XCBuildConfiguration;
			buildSettings = {
				ASSETCATALOG_COMPILER_APPICON_NAME = AppIcon;
				ASSETCATALOG_COMPILER_GLOBAL_ACCENT_COLOR_NAME = AccentColor;
				CODE_SIGN_STYLE = Automatic;
				CURRENT_PROJECT_VERSION = 1;
				DEVELOPMENT_ASSET_PATHS = "\"openPing/Preview Content\"";
				DEVELOPMENT_TEAM = 4XQSAD3UT9;
				ENABLE_PREVIEWS = YES;
				GENERATE_INFOPLIST_FILE = YES;
				INFOPLIST_FILE = openPing/Info.plist;
				INFOPLIST_KEY_UIApplicationSceneManifest_Generation = YES;
				INFOPLIST_KEY_UIApplicationSupportsIndirectInputEvents = YES;
				INFOPLIST_KEY_UILaunchScreen_Generation = YES;
				INFOPLIST_KEY_UISupportedInterfaceOrientations_iPad = "UIInterfaceOrientationPortrait UIInterfaceOrientationPortraitUpsideDown UIInterfaceOrientationLandscapeLeft UIInterfaceOrientationLandscapeRight";
				INFOPLIST_KEY_UISupportedInterfaceOrientations_iPhone = "UIInterfaceOrientationPortrait UIInterfaceOrientationLandscapeLeft UIInterfaceOrientationLandscapeRight";
				LD_RUNPATH_SEARCH_PATHS = (
					"$(inherited)",
					"@executable_path/Frameworks",
				);
				MARKETING_VERSION = 1.0;
				PRODUCT_BUNDLE_IDENTIFIER = org.markmiranda.openPing;
				PRODUCT_NAME = "$(TARGET_NAME)";
				SWIFT_EMIT_LOC_STRINGS = YES;
				SWIFT_VERSION = 5.0;
				TARGETED_DEVICE_FAMILY = "1,2";
			};
			name = Debug;
		};
		33D5C3412CF38D8B007BF189 /* Release */ = {
			isa = XCBuildConfiguration;
			buildSettings = {
				ASSETCATALOG_COMPILER_APPICON_NAME = AppIcon;
				ASSETCATALOG_COMPILER_GLOBAL_ACCENT_COLOR_NAME = AccentColor;
				CODE_SIGN_STYLE = Automatic;
				CURRENT_PROJECT_VERSION = 1;
				DEVELOPMENT_ASSET_PATHS = "\"openPing/Preview Content\"";
				DEVELOPMENT_TEAM = 4XQSAD3UT9;
				ENABLE_PREVIEWS = YES;
				GENERATE_INFOPLIST_FILE = YES;
				INFOPLIST_FILE = openPing/Info.plist;
				INFOPLIST_KEY_UIApplicationSceneManifest_Generation = YES;
				INFOPLIST_KEY_UIApplicationSupportsIndirectInputEvents = YES;
				INFOPLIST_KEY_UILaunchScreen_Generation = YES;
				INFOPLIST_KEY_UISupportedInterfaceOrientations_iPad = "UIInterfaceOrientationPortrait UIInterfaceOrientationPortraitUpsideDown UIInterfaceOrientationLandscapeLeft UIInterfaceOrientationLandscapeRight";
				INFOPLIST_KEY_UISupportedInterfaceOrientations_iPhone = "UIInterfaceOrientationPortrait UIInterfaceOrientationLandscapeLeft UIInterfaceOrientationLandscapeRight";
				LD_RUNPATH_SEARCH_PATHS = (
					"$(inherited)",
					"@executable_path/Frameworks",
				);
				MARKETING_VERSION = 1.0;
				PRODUCT_BUNDLE_IDENTIFIER = org.markmiranda.openPing;
				PRODUCT_NAME = "$(TARGET_NAME)";
				SWIFT_EMIT_LOC_STRINGS = YES;
				SWIFT_VERSION = 5.0;
				TARGETED_DEVICE_FAMILY = "1,2";
			};
			name = Release;
		};
		33D5C3432CF38D8B007BF189 /* Debug */ = {
			isa = XCBuildConfiguration;
			buildSettings = {
				BUNDLE_LOADER = "$(TEST_HOST)";
				CLANG_ENABLE_MODULES = YES;
				CODE_SIGN_STYLE = Automatic;
				CURRENT_PROJECT_VERSION = 1;
				DEFINES_MODULE = YES;
				DEVELOPMENT_TEAM = 4XQSAD3UT9;
				GENERATE_INFOPLIST_FILE = YES;
				IPHONEOS_DEPLOYMENT_TARGET = 18.1;
				MARKETING_VERSION = 1.0;
				PRODUCT_BUNDLE_IDENTIFIER = org.markmiranda.openPingTests;
				PRODUCT_MODULE_NAME = openPingTests;
				PRODUCT_NAME = "$(TARGET_NAME)";
				SWIFT_EMIT_LOC_STRINGS = NO;
				SWIFT_OPTIMIZATION_LEVEL = "-Onone";
				SWIFT_VERSION = 5.0;
				TARGETED_DEVICE_FAMILY = "1,2";
				TEST_HOST = "$(BUILT_PRODUCTS_DIR)/openPing.app/$(BUNDLE_EXECUTABLE_FOLDER_PATH)/openPing";
			};
			name = Debug;
		};
		33D5C3442CF38D8B007BF189 /* Release */ = {
			isa = XCBuildConfiguration;
			buildSettings = {
				BUNDLE_LOADER = "$(TEST_HOST)";
				CLANG_ENABLE_MODULES = YES;
				CODE_SIGN_STYLE = Automatic;
				CURRENT_PROJECT_VERSION = 1;
				DEFINES_MODULE = YES;
				DEVELOPMENT_TEAM = 4XQSAD3UT9;
				GENERATE_INFOPLIST_FILE = YES;
				IPHONEOS_DEPLOYMENT_TARGET = 18.1;
				MARKETING_VERSION = 1.0;
				PRODUCT_BUNDLE_IDENTIFIER = org.markmiranda.openPingTests;
				PRODUCT_MODULE_NAME = openPingTests;
				PRODUCT_NAME = "$(TARGET_NAME)";
				SWIFT_EMIT_LOC_STRINGS = NO;
				SWIFT_VERSION = 5.0;
				TARGETED_DEVICE_FAMILY = "1,2";
				TEST_HOST = "$(BUILT_PRODUCTS_DIR)/openPing.app/$(BUNDLE_EXECUTABLE_FOLDER_PATH)/openPing";
			};
			name = Release;
		};
		33D5C3462CF38D8B007BF189 /* Debug */ = {
			isa = XCBuildConfiguration;
			buildSettings = {
				CODE_SIGN_STYLE = Automatic;
				CURRENT_PROJECT_VERSION = 1;
				DEVELOPMENT_TEAM = 4XQSAD3UT9;
				GENERATE_INFOPLIST_FILE = YES;
				MARKETING_VERSION = 1.0;
				PRODUCT_BUNDLE_IDENTIFIER = org.markmiranda.openPingUITests;
				PRODUCT_NAME = "$(TARGET_NAME)";
				SWIFT_EMIT_LOC_STRINGS = NO;
				SWIFT_VERSION = 5.0;
				TARGETED_DEVICE_FAMILY = "1,2";
				TEST_TARGET_NAME = openPing;
			};
			name = Debug;
		};
		33D5C3472CF38D8B007BF189 /* Release */ = {
			isa = XCBuildConfiguration;
			buildSettings = {
				CODE_SIGN_STYLE = Automatic;
				CURRENT_PROJECT_VERSION = 1;
				DEVELOPMENT_TEAM = 4XQSAD3UT9;
				GENERATE_INFOPLIST_FILE = YES;
				MARKETING_VERSION = 1.0;
				PRODUCT_BUNDLE_IDENTIFIER = org.markmiranda.openPingUITests;
				PRODUCT_NAME = "$(TARGET_NAME)";
				SWIFT_EMIT_LOC_STRINGS = NO;
				SWIFT_VERSION = 5.0;
				TARGETED_DEVICE_FAMILY = "1,2";
				TEST_TARGET_NAME = openPing;
			};
			name = Release;
		};
/* End XCBuildConfiguration section */

/* Begin XCConfigurationList section */
		33D5C3162CF38D8A007BF189 /* Build configuration list for PBXProject "openPing" */ = {
			isa = XCConfigurationList;
			buildConfigurations = (
				33D5C33D2CF38D8B007BF189 /* Debug */,
				33D5C33E2CF38D8B007BF189 /* Release */,
			);
			defaultConfigurationIsVisible = 0;
			defaultConfigurationName = Release;
		};
		33D5C33F2CF38D8B007BF189 /* Build configuration list for PBXNativeTarget "openPing" */ = {
			isa = XCConfigurationList;
			buildConfigurations = (
				33D5C3402CF38D8B007BF189 /* Debug */,
				33D5C3412CF38D8B007BF189 /* Release */,
			);
			defaultConfigurationIsVisible = 0;
			defaultConfigurationName = Release;
		};
		33D5C3422CF38D8B007BF189 /* Build configuration list for PBXNativeTarget "openPingTests" */ = {
			isa = XCConfigurationList;
			buildConfigurations = (
				33D5C3432CF38D8B007BF189 /* Debug */,
				33D5C3442CF38D8B007BF189 /* Release */,
			);
			defaultConfigurationIsVisible = 0;
			defaultConfigurationName = Release;
		};
		33D5C3452CF38D8B007BF189 /* Build configuration list for PBXNativeTarget "openPingUITests" */ = {
			isa = XCConfigurationList;
			buildConfigurations = (
				33D5C3462CF38D8B007BF189 /* Debug */,
				33D5C3472CF38D8B007BF189 /* Release */,
			);
			defaultConfigurationIsVisible = 0;
			defaultConfigurationName = Release;
		};
/* End XCConfigurationList section */
	};
	rootObject = 33D5C3132CF38D8A007BF189 /* Project object */;
}
